{
  "name": "relock-npm-lock-v2-p7mLx7",
  "lockfileVersion": 3,
  "requires": true,
  "packages": {
    "": {
      "dependencies": {
        "cities.json": "^1.1.47"
      }
    },
    "node_modules/cities.json": {
      "version": "1.1.47",
      "resolved": "https://registry.npmjs.org/cities.json/-/cities.json-1.1.47.tgz",
      "integrity": "sha512-hulWy2J1nXWY0Gsy2QAyEGe0VNxPuMygaWTee8P5lhSeaGw6lSsnD83yCPC42jkhr0DwQWuzoQIU7zWTiIxk5Q==",
      "license": "CC-BY-3.0"
    }
  }
}
